
Microsoft Visual Studio Solution File, Format Version 12.00
# Visual Studio Version 17
VisualStudioVersion = 17.14.36705.20 d17.14
MinimumVisualStudioVersion = 10.0.40219.1
Project("{FAE04EC0-301F-11D3-BF4B-00C04F79EFBC}") = "ReceiptCapture.Core", "ReceiptCapture.Core\ReceiptCapture.Core.csproj", "{57EB06FB-543F-4C29-AA67-C6110BC018DE}"
EndProject
Project("{FAE04EC0-301F-11D3-BF4B-00C04F79EFBC}") = "ReceiptCapture.Data", "ReceiptCapture.Data\ReceiptCapture.Data.csproj", "{0CFF866E-B08C-47FE-B6EC-6ED366E7530A}"
EndProject
Project("{FAE04EC0-301F-11D3-BF4B-00C04F79EFBC}") = "ReceiptCapture.Api", "ReceiptCapture.Api\ReceiptCapture.Api.csproj", "{AD9F185E-CF6D-4083-9D5F-F221E0EAFDD1}"
EndProject
Project("{FAE04EC0-301F-11D3-BF4B-00C04F79EFBC}") = "ReceiptCapture.Bot", "ReceiptCapture.Bot\ReceiptCapture.Bot.csproj", "{6CE6F8F1-31C4-494E-9A1F-C6FB48058628}"
EndProject
Project("{FAE04EC0-301F-11D3-BF4B-00C04F79EFBC}") = "ReceiptCapture.Web", "ReceiptCapture.Web\ReceiptCapture.Web.csproj", "{1123EBB0-9BEF-430E-A7C5-D671A9A0F415}"
EndProject
Global
	GlobalSection(SolutionConfigurationPlatforms) = preSolution
		Debug|Any CPU = Debug|Any CPU
		Debug|x64 = Debug|x64
		Debug|x86 = Debug|x86
		Release|Any CPU = Release|Any CPU
		Release|x64 = Release|x64
		Release|x86 = Release|x86
	EndGlobalSection
	GlobalSection(ProjectConfigurationPlatforms) = postSolution
		{57EB06FB-543F-4C29-AA67-C6110BC018DE}.Debug|Any CPU.ActiveCfg = Debug|Any CPU
		{57EB06FB-543F-4C29-AA67-C6110BC018DE}.Debug|Any CPU.Build.0 = Debug|Any CPU
		{57EB06FB-543F-4C29-AA67-C6110BC018DE}.Debug|x64.ActiveCfg = Debug|Any CPU
		{57EB06FB-543F-4C29-AA67-C6110BC018DE}.Debug|x64.Build.0 = Debug|Any CPU
		{57EB06FB-543F-4C29-AA67-C6110BC018DE}.Debug|x86.ActiveCfg = Debug|Any CPU
		{57EB06FB-543F-4C29-AA67-C6110BC018DE}.Debug|x86.Build.0 = Debug|Any CPU
		{57EB06FB-543F-4C29-AA67-C6110BC018DE}.Release|Any CPU.ActiveCfg = Release|Any CPU
		{57EB06FB-543F-4C29-AA67-C6110BC018DE}.Release|Any CPU.Build.0 = Release|Any CPU
		{57EB06FB-543F-4C29-AA67-C6110BC018DE}.Release|x64.ActiveCfg = Release|Any CPU
		{57EB06FB-543F-4C29-AA67-C6110BC018DE}.Release|x64.Build.0 = Release|Any CPU
		{57EB06FB-543F-4C29-AA67-C6110BC018DE}.Release|x86.ActiveCfg = Release|Any CPU
		{57EB06FB-543F-4C29-AA67-C6110BC018DE}.Release|x86.Build.0 = Release|Any CPU
		{0CFF866E-B08C-47FE-B6EC-6ED366E7530A}.Debug|Any CPU.ActiveCfg = Debug|Any CPU
		{0CFF866E-B08C-47FE-B6EC-6ED366E7530A}.Debug|Any CPU.Build.0 = Debug|Any CPU
		{0CFF866E-B08C-47FE-B6EC-6ED366E7530A}.Debug|x64.ActiveCfg = Debug|Any CPU
		{0CFF866E-B08C-47FE-B6EC-6ED366E7530A}.Debug|x64.Build.0 = Debug|Any CPU
		{0CFF866E-B08C-47FE-B6EC-6ED366E7530A}.Debug|x86.ActiveCfg = Debug|Any CPU
		{0CFF866E-B08C-47FE-B6EC-6ED366E7530A}.Debug|x86.Build.0 = Debug|Any CPU
		{0CFF866E-B08C-47FE-B6EC-6ED366E7530A}.Release|Any CPU.ActiveCfg = Release|Any CPU
		{0CFF866E-B08C-47FE-B6EC-6ED366E7530A}.Release|Any CPU.Build.0 = Release|Any CPU
		{0CFF866E-B08C-47FE-B6EC-6ED366E7530A}.Release|x64.ActiveCfg = Release|Any CPU
		{0CFF866E-B08C-47FE-B6EC-6ED366E7530A}.Release|x64.Build.0 = Release|Any CPU
		{0CFF866E-B08C-47FE-B6EC-6ED366E7530A}.Release|x86.ActiveCfg = Release|Any CPU
		{0CFF866E-B08C-47FE-B6EC-6ED366E7530A}.Release|x86.Build.0 = Release|Any CPU
		{AD9F185E-CF6D-4083-9D5F-F221E0EAFDD1}.Debug|Any CPU.ActiveCfg = Debug|Any CPU
		{AD9F185E-CF6D-4083-9D5F-F221E0EAFDD1}.Debug|Any CPU.Build.0 = Debug|Any CPU
		{AD9F185E-CF6D-4083-9D5F-F221E0EAFDD1}.Debug|x64.ActiveCfg = Debug|Any CPU
		{AD9F185E-CF6D-4083-9D5F-F221E0EAFDD1}.Debug|x64.Build.0 = Debug|Any CPU
		{AD9F185E-CF6D-4083-9D5F-F221E0EAFDD1}.Debug|x86.ActiveCfg = Debug|Any CPU
		{AD9F185E-CF6D-4083-9D5F-F221E0EAFDD1}.Debug|x86.Build.0 = Debug|Any CPU
		{AD9F185E-CF6D-4083-9D5F-F221E0EAFDD1}.Release|Any CPU.ActiveCfg = Release|Any CPU
		{AD9F185E-CF6D-4083-9D5F-F221E0EAFDD1}.Release|Any CPU.Build.0 = Release|Any CPU
		{AD9F185E-CF6D-4083-9D5F-F221E0EAFDD1}.Release|x64.ActiveCfg = Release|Any CPU
		{AD9F185E-CF6D-4083-9D5F-F221E0EAFDD1}.Release|x64.Build.0 = Release|Any CPU
		{AD9F185E-CF6D-4083-9D5F-F221E0EAFDD1}.Release|x86.ActiveCfg = Release|Any CPU
		{AD9F185E-CF6D-4083-9D5F-F221E0EAFDD1}.Release|x86.Build.0 = Release|Any CPU
		{6CE6F8F1-31C4-494E-9A1F-C6FB48058628}.Debug|Any CPU.ActiveCfg = Debug|Any CPU
		{6CE6F8F1-31C4-494E-9A1F-C6FB48058628}.Debug|Any CPU.Build.0 = Debug|Any CPU
		{6CE6F8F1-31C4-494E-9A1F-C6FB48058628}.Debug|x64.ActiveCfg = Debug|Any CPU
		{6CE6F8F1-31C4-494E-9A1F-C6FB48058628}.Debug|x64.Build.0 = Debug|Any CPU
		{6CE6F8F1-31C4-494E-9A1F-C6FB48058628}.Debug|x86.ActiveCfg = Debug|Any CPU
		{6CE6F8F1-31C4-494E-9A1F-C6FB48058628}.Debug|x86.Build.0 = Debug|Any CPU
		{6CE6F8F1-31C4-494E-9A1F-C6FB48058628}.Release|Any CPU.ActiveCfg = Release|Any CPU
		{6CE6F8F1-31C4-494E-9A1F-C6FB48058628}.Release|Any CPU.Build.0 = Release|Any CPU
		{6CE6F8F1-31C4-494E-9A1F-C6FB48058628}.Release|x64.ActiveCfg = Release|Any CPU
		{6CE6F8F1-31C4-494E-9A1F-C6FB48058628}.Release|x64.Build.0 = Release|Any CPU
		{6CE6F8F1-31C4-494E-9A1F-C6FB48058628}.Release|x86.ActiveCfg = Release|Any CPU
		{6CE6F8F1-31C4-494E-9A1F-C6FB48058628}.Release|x86.Build.0 = Release|Any CPU
		{1123EBB0-9BEF-430E-A7C5-D671A9A0F415}.Debug|Any CPU.ActiveCfg = Debug|Any CPU
		{1123EBB0-9BEF-430E-A7C5-D671A9A0F415}.Debug|Any CPU.Build.0 = Debug|Any CPU
		{1123EBB0-9BEF-430E-A7C5-D671A9A0F415}.Debug|x64.ActiveCfg = Debug|Any CPU
		{1123EBB0-9BEF-430E-A7C5-D671A9A0F415}.Debug|x64.Build.0 = Debug|Any CPU
		{1123EBB0-9BEF-430E-A7C5-D671A9A0F415}.Debug|x86.ActiveCfg = Debug|Any CPU
		{1123EBB0-9BEF-430E-A7C5-D671A9A0F415}.Debug|x86.Build.0 = Debug|Any CPU
		{1123EBB0-9BEF-430E-A7C5-D671A9A0F415}.Release|Any CPU.ActiveCfg = Release|Any CPU
		{1123EBB0-9BEF-430E-A7C5-D671A9A0F415}.Release|Any CPU.Build.0 = Release|Any CPU
		{1123EBB0-9BEF-430E-A7C5-D671A9A0F415}.Release|x64.ActiveCfg = Release|Any CPU
		{1123EBB0-9BEF-430E-A7C5-D671A9A0F415}.Release|x64.Build.0 = Release|Any CPU
		{1123EBB0-9BEF-430E-A7C5-D671A9A0F415}.Release|x86.ActiveCfg = Release|Any CPU
		{1123EBB0-9BEF-430E-A7C5-D671A9A0F415}.Release|x86.Build.0 = Release|Any CPU
	EndGlobalSection
	GlobalSection(SolutionProperties) = preSolution
		HideSolutionNode = FALSE
	EndGlobalSection
	GlobalSection(ExtensibilityGlobals) = postSolution
		SolutionGuid = {FA73BD1D-71DC-4B99-B9DB-9EEE1D4E7105}
	EndGlobalSection
EndGlobal
